
Microsoft Visual Studio Solution File, Format Version 11.00
# Visual Studio 2010
Project("{FAE04EC0-301F-11D3-BF4B-00C04F79EFBC}") = "MyAgents", "MyAgents\MyAgents.csproj", "{4C45CC44-6EF2-4894-A314-85FC913CFDBB}"
EndProject
Global
	GlobalSection(SolutionConfigurationPlatforms) = preSolution
		Debug|Any CPU = Debug|Any CPU
		Release|Any CPU = Release|Any CPU
	EndGlobalSection
	GlobalSection(ProjectConfigurationPlatforms) = postSolution
		{4C45CC44-6EF2-4894-A314-85FC913CFDBB}.Debug|Any CPU.ActiveCfg = Debug|Any CPU
		{4C45CC44-6EF2-4894-A314-85FC913CFDBB}.Debug|Any CPU.Build.0 = Debug|Any CPU
		{4C45CC44-6EF2-4894-A314-85FC913CFDBB}.Release|Any CPU.ActiveCfg = Release|Any CPU
		{4C45CC44-6EF2-4894-A314-85FC913CFDBB}.Release|Any CPU.Build.0 = Release|Any CPU
	EndGlobalSection
	GlobalSection(SolutionProperties) = preSolution
		HideSolutionNode = FALSE
	EndGlobalSection
EndGlobal
